<?xml version="1.0" encoding="utf-8"?>
<Project ToolsVersion="4.0" xmlns="http://schemas.microsoft.com/developer/msbuild/2003">
  <ItemGroup>
    <Filter Include="Source Files">
      <UniqueIdentifier>{4FC737F1-C7A5-4376-A066-2A32D752A2FF}</UniqueIdentifier>
      <Extensions>cpp;c;cc;cxx;c++;cppm;ixx;def;odl;idl;hpj;bat;asm;asmx</Extensions>
    </Filter>
    <Filter Include="Header Files">
      <UniqueIdentifier>{93995380-89BD-4b04-88EB-625FBE52EBFB}</UniqueIdentifier>
      <Extensions>h;hh;hpp;hxx;h++;hm;inl;inc;ipp;xsd</Extensions>
    </Filter>
    <Filter Include="Resource Files">
      <UniqueIdentifier>{67DA6AB6-F800-4c08-8B7A-83BB121AAD01}</UniqueIdentifier>
      <Extensions>rc;ico;cur;bmp;dlg;rc2;rct;bin;rgs;gif;jpg;jpeg;jpe;resx;tiff;tif;png;wav;mfcribbon-ms</Extensions>
    </Filter>
  </ItemGroup>
  <ItemGroup>
    <ClCompile Include="Ch2P1.cpp">
      <Filter>Source Files</Filter>
    </ClCompile>
    <ClCompile Include="Ch2P2.cpp">
      <Filter>Source Files</Filter>
    </ClCompile>
    <ClCompile Include="Ch2P3.cpp">
      <Filter>Source Files</Filter>
    </ClCompile>
    <ClCompile Include="Ch2P4.cpp">
      <Filter>Source Files</Filter>
    </ClCompile>
    <ClCompile Include="Ch2P5.cpp">
      <Filter>Source Files</Filter>
    </ClCompile>
    <ClCompile Include="Ch2P6.cpp">
      <Filter>Source Files</Filter>
    </ClCompile>
    <ClCompile Include="Ch2P7.cpp">
      <Filter>Source Files</Filter>
    </ClCompile>
    <ClCompile Include="Ch2P8.cpp">
      <Filter>Source Files</Filter>
    </ClCompile>
    <ClCompile Include="Ch2P9.cpp">
      <Filter>Source Files</Filter>
    </ClCompile>
    <ClCompile Include="Ch2P10.cpp">
      <Filter>Source Files</Filter>
    </ClCompile>
    <ClCompile Include="Ch2P11.cpp">
      <Filter>Source Files</Filter>
    </ClCompile>
    <ClCompile Include="Ch2P12.cpp">
      <Filter>Source Files</Filter>
    </ClCompile>
    <ClCompile Include="Ch2P13.cpp">
      <Filter>Source Files</Filter>
    </ClCompile>
    <ClCompile Include="Ch2P14.cpp">
      <Filter>Source Files</Filter>
    </ClCompile>
    <ClCompile Include="Ch2P15.cpp">
      <Filter>Source Files</Filter>
    </ClCompile>
    <ClCompile Include="Ch2P16.cpp">
      <Filter>Source Files</Filter>
    </ClCompile>
    <ClCompile Include="Ch2P17.cpp">
      <Filter>Source Files</Filter>
    </ClCompile>
    <ClCompile Include="Ch2P18.cpp">
      <Filter>Source Files</Filter>
    </ClCompile>
    <ClCompile Include="Ch2P19.cpp">
      <Filter>Source Files</Filter>
    </ClCompile>
    <ClCompile Include="Ch2P20.cpp">
      <Filter>Source Files</Filter>
    </ClCompile>
    <ClCompile Include="Ch2P21.cpp">
      <Filter>Source Files</Filter>
    </ClCompile>
    <ClCompile Include="Ch2P22.cpp">
      <Filter>Source Files</Filter>
    </ClCompile>
    <ClCompile Include="Ch2P23.cpp">
      <Filter>Source Files</Filter>
    </ClCompile>
    <ClCompile Include="Ch2P24.cpp">
      <Filter>Source Files</Filter>
    </ClCompile>
    <ClCompile Include="Ch2P25.cpp">
      <Filter>Source Files</Filter>
    </ClCompile>
    <ClCompile Include="Ch2P26.cpp">
      <Filter>Source Files</Filter>
    </ClCompile>
    <ClCompile Include="Ch2P27.cpp">
      <Filter>Source Files</Filter>
    </ClCompile>
    <ClCompile Include="Ch2P28.cpp">
      <Filter>Source Files</Filter>
    </ClCompile>
    <ClCompile Include="Ch2P29.cpp">
      <Filter>Source Files</Filter>
    </ClCompile>
  </ItemGroup>
</Project>